// !$*UTF8*$!
{
	archiveVersion = 1;
	classes = {
	};
	objectVersion = 46;
	objects = {

/* Begin PBXBuildFile section */
		9122B0301E6E98070024AE10 /* AppDelegate.swift in Sources */ = {isa = PBXBuildFile; fileRef = 9122B02F1E6E98070024AE10 /* AppDelegate.swift */; };
		9122B0351E6E98070024AE10 /* Main.storyboard in Resources */ = {isa = PBXBuildFile; fileRef = 9122B0331E6E98070024AE10 /* Main.storyboard */; };
		9122B0371E6E98070024AE10 /* Assets.xcassets in Resources */ = {isa = PBXBuildFile; fileRef = 9122B0361E6E98070024AE10 /* Assets.xcassets */; };
		9122B03A1E6E98070024AE10 /* LaunchScreen.storyboard in Resources */ = {isa = PBXBuildFile; fileRef = 9122B0381E6E98070024AE10 /* LaunchScreen.storyboard */; };
		9122B0421E6E98300024AE10 /* LoginViewController.swift in Sources */ = {isa = PBXBuildFile; fileRef = 9122B0411E6E98300024AE10 /* LoginViewController.swift */; };
		9122B0441E6E98470024AE10 /* SignupViewController.swift in Sources */ = {isa = PBXBuildFile; fileRef = 9122B0431E6E98470024AE10 /* SignupViewController.swift */; };
		9122B0461E6E986C0024AE10 /* HomeViewController.swift in Sources */ = {isa = PBXBuildFile; fileRef = 9122B0451E6E986C0024AE10 /* HomeViewController.swift */; };
		9122B0481E6E98910024AE10 /* ChatJourney.storyboard in Resources */ = {isa = PBXBuildFile; fileRef = 9122B0471E6E98910024AE10 /* ChatJourney.storyboard */; };
		9122B04E1E6F43130024AE10 /* AWSCognito.framework in Frameworks */ = {isa = PBXBuildFile; fileRef = 9122B04B1E6F43130024AE10 /* AWSCognito.framework */; };
		9122B04F1E6F43130024AE10 /* AWSCognito.framework in Embed Frameworks */ = {isa = PBXBuildFile; fileRef = 9122B04B1E6F43130024AE10 /* AWSCognito.framework */; settings = {ATTRIBUTES = (CodeSignOnCopy, RemoveHeadersOnCopy, ); }; };
		9122B0501E6F43130024AE10 /* AWSCognitoIdentityProvider.framework in Frameworks */ = {isa = PBXBuildFile; fileRef = 9122B04C1E6F43130024AE10 /* AWSCognitoIdentityProvider.framework */; };
		9122B0511E6F43130024AE10 /* AWSCognitoIdentityProvider.framework in Embed Frameworks */ = {isa = PBXBuildFile; fileRef = 9122B04C1E6F43130024AE10 /* AWSCognitoIdentityProvider.framework */; settings = {ATTRIBUTES = (CodeSignOnCopy, RemoveHeadersOnCopy, ); }; };
		9122B0521E6F43130024AE10 /* AWSCore.framework in Frameworks */ = {isa = PBXBuildFile; fileRef = 9122B04D1E6F43130024AE10 /* AWSCore.framework */; };
		9122B0531E6F43130024AE10 /* AWSCore.framework in Embed Frameworks */ = {isa = PBXBuildFile; fileRef = 9122B04D1E6F43130024AE10 /* AWSCore.framework */; settings = {ATTRIBUTES = (CodeSignOnCopy, RemoveHeadersOnCopy, ); }; };
		9122B0761E7842510024AE10 /* CognitoUserPoolController.swift in Sources */ = {isa = PBXBuildFile; fileRef = 9122B0751E7842510024AE10 /* CognitoUserPoolController.swift */; };
/* End PBXBuildFile section */

/* Begin PBXCopyFilesBuildPhase section */
		9122B0541E6F43130024AE10 /* Embed Frameworks */ = {
			isa = PBXCopyFilesBuildPhase;
			buildActionMask = 2147483647;
			dstPath = "";
			dstSubfolderSpec = 10;
			files = (
				9122B04F1E6F43130024AE10 /* AWSCognito.framework in Embed Frameworks */,
				9122B0511E6F43130024AE10 /* AWSCognitoIdentityProvider.framework in Embed Frameworks */,
				9122B0531E6F43130024AE10 /* AWSCore.framework in Embed Frameworks */,
			);
			name = "Embed Frameworks";
			runOnlyForDeploymentPostprocessing = 0;
		};
/* End PBXCopyFilesBuildPhase section */

/* Begin PBXFileReference section */
		9122B02C1E6E98070024AE10 /* AWSChat.app */ = {isa = PBXFileReference; explicitFileType = wrapper.application; includeInIndex = 0; path = AWSChat.app; sourceTree = BUILT_PRODUCTS_DIR; };
		9122B02F1E6E98070024AE10 /* AppDelegate.swift */ = {isa = PBXFileReference; lastKnownFileType = sourcecode.swift; path = AppDelegate.swift; sourceTree = "<group>"; };
		9122B0341E6E98070024AE10 /* Base */ = {isa = PBXFileReference; lastKnownFileType = file.storyboard; name = Base; path = Base.lproj/Main.storyboard; sourceTree = "<group>"; };
		9122B0361E6E98070024AE10 /* Assets.xcassets */ = {isa = PBXFileReference; lastKnownFileType = folder.assetcatalog; path = Assets.xcassets; sourceTree = "<group>"; };
		9122B0391E6E98070024AE10 /* Base */ = {isa = PBXFileReference; lastKnownFileType = file.storyboard; name = Base; path = Base.lproj/LaunchScreen.storyboard; sourceTree = "<group>"; };
		9122B03B1E6E98070024AE10 /* Info.plist */ = {isa = PBXFileReference; lastKnownFileType = text.plist.xml; path = Info.plist; sourceTree = "<group>"; };
		9122B0411E6E98300024AE10 /* LoginViewController.swift */ = {isa = PBXFileReference; fileEncoding = 4; lastKnownFileType = sourcecode.swift; path = LoginViewController.swift; sourceTree = "<group>"; };
		9122B0431E6E98470024AE10 /* SignupViewController.swift */ = {isa = PBXFileReference; fileEncoding = 4; lastKnownFileType = sourcecode.swift; path = SignupViewController.swift; sourceTree = "<group>"; };
		9122B0451E6E986C0024AE10 /* HomeViewController.swift */ = {isa = PBXFileReference; fileEncoding = 4; lastKnownFileType = sourcecode.swift; path = HomeViewController.swift; sourceTree = "<group>"; };
		9122B0471E6E98910024AE10 /* ChatJourney.storyboard */ = {isa = PBXFileReference; fileEncoding = 4; lastKnownFileType = file.storyboard; path = ChatJourney.storyboard; sourceTree = "<group>"; };
		9122B04B1E6F43130024AE10 /* AWSCognito.framework */ = {isa = PBXFileReference; lastKnownFileType = wrapper.framework; name = AWSCognito.framework; path = Carthage/Build/iOS/AWSCognito.framework; sourceTree = "<group>"; };
		9122B04C1E6F43130024AE10 /* AWSCognitoIdentityProvider.framework */ = {isa = PBXFileReference; lastKnownFileType = wrapper.framework; name = AWSCognitoIdentityProvider.framework; path = Carthage/Build/iOS/AWSCognitoIdentityProvider.framework; sourceTree = "<group>"; };
		9122B04D1E6F43130024AE10 /* AWSCore.framework */ = {isa = PBXFileReference; lastKnownFileType = wrapper.framework; name = AWSCore.framework; path = Carthage/Build/iOS/AWSCore.framework; sourceTree = "<group>"; };
		9122B0751E7842510024AE10 /* CognitoUserPoolController.swift */ = {isa = PBXFileReference; fileEncoding = 4; lastKnownFileType = sourcecode.swift; path = CognitoUserPoolController.swift; sourceTree = "<group>"; };
/* End PBXFileReference section */

/* Begin PBXFrameworksBuildPhase section */
		9122B0291E6E98070024AE10 /* Frameworks */ = {
			isa = PBXFrameworksBuildPhase;
			buildActionMask = 2147483647;
			files = (
				9122B04E1E6F43130024AE10 /* AWSCognito.framework in Frameworks */,
				9122B0501E6F43130024AE10 /* AWSCognitoIdentityProvider.framework in Frameworks */,
				9122B0521E6F43130024AE10 /* AWSCore.framework in Frameworks */,
			);
			runOnlyForDeploymentPostprocessing = 0;
		};
/* End PBXFrameworksBuildPhase section */

/* Begin PBXGroup section */
		9122B0231E6E98070024AE10 = {
			isa = PBXGroup;
			children = (
				9122B04B1E6F43130024AE10 /* AWSCognito.framework */,
				9122B04C1E6F43130024AE10 /* AWSCognitoIdentityProvider.framework */,
				9122B04D1E6F43130024AE10 /* AWSCore.framework */,
				9122B02E1E6E98070024AE10 /* AWSChat */,
				9122B02D1E6E98070024AE10 /* Products */,
			);
			sourceTree = "<group>";
		};
		9122B02D1E6E98070024AE10 /* Products */ = {
			isa = PBXGroup;
			children = (
				9122B02C1E6E98070024AE10 /* AWSChat.app */,
			);
			name = Products;
			sourceTree = "<group>";
		};
		9122B02E1E6E98070024AE10 /* AWSChat */ = {
			isa = PBXGroup;
			children = (
				9122B0741E7842170024AE10 /* Controller */,
				9122B04A1E6E98D30024AE10 /* ViewControllers */,
				9122B0491E6E98C20024AE10 /* Storyboards */,
				9122B02F1E6E98070024AE10 /* AppDelegate.swift */,
				9122B0361E6E98070024AE10 /* Assets.xcassets */,
				9122B03B1E6E98070024AE10 /* Info.plist */,
			);
			path = AWSChat;
			sourceTree = "<group>";
		};
		9122B0491E6E98C20024AE10 /* Storyboards */ = {
			isa = PBXGroup;
			children = (
				9122B0331E6E98070024AE10 /* Main.storyboard */,
				9122B0381E6E98070024AE10 /* LaunchScreen.storyboard */,
				9122B0471E6E98910024AE10 /* ChatJourney.storyboard */,
			);
			name = Storyboards;
			sourceTree = "<group>";
		};
		9122B04A1E6E98D30024AE10 /* ViewControllers */ = {
			isa = PBXGroup;
			children = (
				9122B0411E6E98300024AE10 /* LoginViewController.swift */,
				9122B0431E6E98470024AE10 /* SignupViewController.swift */,
				9122B0451E6E986C0024AE10 /* HomeViewController.swift */,
			);
			name = ViewControllers;
			sourceTree = "<group>";
		};
		9122B0741E7842170024AE10 /* Controller */ = {
			isa = PBXGroup;
			children = (
				9122B0751E7842510024AE10 /* CognitoUserPoolController.swift */,
			);
			name = Controller;
			sourceTree = "<group>";
		};
/* End PBXGroup section */

/* Begin PBXNativeTarget section */
		9122B02B1E6E98070024AE10 /* AWSChat */ = {
			isa = PBXNativeTarget;
			buildConfigurationList = 9122B03E1E6E98070024AE10 /* Build configuration list for PBXNativeTarget "AWSChat" */;
			buildPhases = (
				9122B0281E6E98070024AE10 /* Sources */,
				9122B0291E6E98070024AE10 /* Frameworks */,
				9122B02A1E6E98070024AE10 /* Resources */,
				9122B0541E6F43130024AE10 /* Embed Frameworks */,
				9122B0551E6F43B40024AE10 /* ShellScript */,
			);
			buildRules = (
			);
			dependencies = (
			);
			name = AWSChat;
			productName = AWSChat;
			productReference = 9122B02C1E6E98070024AE10 /* AWSChat.app */;
			productType = "com.apple.product-type.application";
		};
/* End PBXNativeTarget section */

/* Begin PBXProject section */
		9122B0241E6E98070024AE10 /* Project object */ = {
			isa = PBXProject;
			attributes = {
				LastSwiftUpdateCheck = 0820;
				LastUpgradeCheck = 0820;
				ORGANIZATIONNAME = "ASM Technology Ltd.";
				TargetAttributes = {
					9122B02B1E6E98070024AE10 = {
						CreatedOnToolsVersion = 8.2.1;
						ProvisioningStyle = Automatic;
					};
				};
			};
			buildConfigurationList = 9122B0271E6E98070024AE10 /* Build configuration list for PBXProject "AWSChat" */;
			compatibilityVersion = "Xcode 3.2";
			developmentRegion = English;
			hasScannedForEncodings = 0;
			knownRegions = (
				en,
				Base,
			);
			mainGroup = 9122B0231E6E98070024AE10;
			productRefGroup = 9122B02D1E6E98070024AE10 /* Products */;
			projectDirPath = "";
			projectRoot = "";
			targets = (
				9122B02B1E6E98070024AE10 /* AWSChat */,
			);
		};
/* End PBXProject section */

/* Begin PBXResourcesBuildPhase section */
		9122B02A1E6E98070024AE10 /* Resources */ = {
			isa = PBXResourcesBuildPhase;
			buildActionMask = 2147483647;
			files = (
				9122B03A1E6E98070024AE10 /* LaunchScreen.storyboard in Resources */,
				9122B0481E6E98910024AE10 /* ChatJourney.storyboard in Resources */,
				9122B0371E6E98070024AE10 /* Assets.xcassets in Resources */,
				9122B0351E6E98070024AE10 /* Main.storyboard in Resources */,
			);
			runOnlyForDeploymentPostprocessing = 0;
		};
/* End PBXResourcesBuildPhase section */

/* Begin PBXShellScriptBuildPhase section */
		9122B0551E6F43B40024AE10 /* ShellScript */ = {
			isa = PBXShellScriptBuildPhase;
			buildActionMask = 2147483647;
			files = (
			);
			inputPaths = (
			);
			outputPaths = (
			);
			runOnlyForDeploymentPostprocessing = 0;
			shellPath = /bin/sh;
			shellScript = "bash \"${BUILT_PRODUCTS_DIR}/${FRAMEWORKS_FOLDER_PATH}/AWSCore.framework/strip-frameworks.sh\"";
		};
/* End PBXShellScriptBuildPhase section */

/* Begin PBXSourcesBuildPhase section */
		9122B0281E6E98070024AE10 /* Sources */ = {
			isa = PBXSourcesBuildPhase;
			buildActionMask = 2147483647;
			files = (
				9122B0441E6E98470024AE10 /* SignupViewController.swift in Sources */,
				9122B0421E6E98300024AE10 /* LoginViewController.swift in Sources */,
				9122B0301E6E98070024AE10 /* AppDelegate.swift in Sources */,
				9122B0761E7842510024AE10 /* CognitoUserPoolController.swift in Sources */,
				9122B0461E6E986C0024AE10 /* HomeViewController.swift in Sources */,
			);
			runOnlyForDeploymentPostprocessing = 0;
		};
/* End PBXSourcesBuildPhase section */

/* Begin PBXVariantGroup section */
		9122B0331E6E98070024AE10 /* Main.storyboard */ = {
			isa = PBXVariantGroup;
			children = (
				9122B0341E6E98070024AE10 /* Base */,
			);
			name = Main.storyboard;
			sourceTree = "<group>";
		};
		9122B0381E6E98070024AE10 /* LaunchScreen.storyboard */ = {
			isa = PBXVariantGroup;
			children = (
				9122B0391E6E98070024AE10 /* Base */,
			);
			name = LaunchScreen.storyboard;
			sourceTree = "<group>";
		};
/* End PBXVariantGroup section */

/* Begin XCBuildConfiguration section */
		9122B03C1E6E98070024AE10 /* Debug */ = {
			isa = XCBuildConfiguration;
			buildSettings = {
				ALWAYS_SEARCH_USER_PATHS = NO;
				CLANG_ANALYZER_NONNULL = YES;
				CLANG_CXX_LANGUAGE_STANDARD = "gnu++0x";
				CLANG_CXX_LIBRARY = "libc++";
				CLANG_ENABLE_MODULES = YES;
				CLANG_ENABLE_OBJC_ARC = YES;
				CLANG_WARN_BOOL_CONVERSION = YES;
				CLANG_WARN_CONSTANT_CONVERSION = YES;
				CLANG_WARN_DIRECT_OBJC_ISA_USAGE = YES_ERROR;
				CLANG_WARN_DOCUMENTATION_COMMENTS = YES;
				CLANG_WARN_EMPTY_BODY = YES;
				CLANG_WARN_ENUM_CONVERSION = YES;
				CLANG_WARN_INFINITE_RECURSION = YES;
				CLANG_WARN_INT_CONVERSION = YES;
				CLANG_WARN_OBJC_ROOT_CLASS = YES_ERROR;
				CLANG_WARN_SUSPICIOUS_MOVE = YES;
				CLANG_WARN_UNREACHABLE_CODE = YES;
				CLANG_WARN__DUPLICATE_METHOD_MATCH = YES;
				"CODE_SIGN_IDENTITY[sdk=iphoneos*]" = "iPhone Developer";
				COPY_PHASE_STRIP = NO;
				DEBUG_INFORMATION_FORMAT = dwarf;
				ENABLE_STRICT_OBJC_MSGSEND = YES;
				ENABLE_TESTABILITY = YES;
				GCC_C_LANGUAGE_STANDARD = gnu99;
				GCC_DYNAMIC_NO_PIC = NO;
				GCC_NO_COMMON_BLOCKS = YES;
				GCC_OPTIMIZATION_LEVEL = 0;
				GCC_PREPROCESSOR_DEFINITIONS = (
					"DEBUG=1",
					"$(inherited)",
				);
				GCC_WARN_64_TO_32_BIT_CONVERSION = YES;
				GCC_WARN_ABOUT_RETURN_TYPE = YES_ERROR;
				GCC_WARN_UNDECLARED_SELECTOR = YES;
				GCC_WARN_UNINITIALIZED_AUTOS = YES_AGGRESSIVE;
				GCC_WARN_UNUSED_FUNCTION = YES;
				GCC_WARN_UNUSED_VARIABLE = YES;
				IPHONEOS_DEPLOYMENT_TARGET = 10.2;
				MTL_ENABLE_DEBUG_INFO = YES;
				ONLY_ACTIVE_ARCH = YES;
				SDKROOT = iphoneos;
				SWIFT_ACTIVE_COMPILATION_CONDITIONS = DEBUG;
				SWIFT_OPTIMIZATION_LEVEL = "-Onone";
			};
			name = Debug;
		};
		9122B03D1E6E98070024AE10 /* Release */ = {
			isa = XCBuildConfiguration;
			buildSettings = {
				ALWAYS_SEARCH_USER_PATHS = NO;
				CLANG_ANALYZER_NONNULL = YES;
				CLANG_CXX_LANGUAGE_STANDARD = "gnu++0x";
				CLANG_CXX_LIBRARY = "libc++";
				CLANG_ENABLE_MODULES = YES;
				CLANG_ENABLE_OBJC_ARC = YES;
				CLANG_WARN_BOOL_CONVERSION = YES;
				CLANG_WARN_CONSTANT_CONVERSION = YES;
				CLANG_WARN_DIRECT_OBJC_ISA_USAGE = YES_ERROR;
				CLANG_WARN_DOCUMENTATION_COMMENTS = YES;
				CLANG_WARN_EMPTY_BODY = YES;
				CLANG_WARN_ENUM_CONVERSION = YES;
				CLANG_WARN_INFINITE_RECURSION = YES;
				CLANG_WARN_INT_CONVERSION = YES;
				CLANG_WARN_OBJC_ROOT_CLASS = YES_ERROR;
				CLANG_WARN_SUSPICIOUS_MOVE = YES;
				CLANG_WARN_UNREACHABLE_CODE = YES;
				CLANG_WARN__DUPLICATE_METHOD_MATCH = YES;
				"CODE_SIGN_IDENTITY[sdk=iphoneos*]" = "iPhone Developer";
				COPY_PHASE_STRIP = NO;
				DEBUG_INFORMATION_FORMAT = "dwarf-with-dsym";
				ENABLE_NS_ASSERTIONS = NO;
				ENABLE_STRICT_OBJC_MSGSEND = YES;
				GCC_C_LANGUAGE_STANDARD = gnu99;
				GCC_NO_COMMON_BLOCKS = YES;
				GCC_WARN_64_TO_32_BIT_CONVERSION = YES;
				GCC_WARN_ABOUT_RETURN_TYPE = YES_ERROR;
				GCC_WARN_UNDECLARED_SELECTOR = YES;
				GCC_WARN_UNINITIALIZED_AUTOS = YES_AGGRESSIVE;
				GCC_WARN_UNUSED_FUNCTION = YES;
				GCC_WARN_UNUSED_VARIABLE = YES;
				IPHONEOS_DEPLOYMENT_TARGET = 10.2;
				MTL_ENABLE_DEBUG_INFO = NO;
				SDKROOT = iphoneos;
				SWIFT_OPTIMIZATION_LEVEL = "-Owholemodule";
				VALIDATE_PRODUCT = YES;
			};
			name = Release;
		};
		9122B03F1E6E98070024AE10 /* Debug */ = {
			isa = XCBuildConfiguration;
			buildSettings = {
				ASSETCATALOG_COMPILER_APPICON_NAME = AppIcon;
				FRAMEWORK_SEARCH_PATHS = (
					"$(inherited)",
					"$(PROJECT_DIR)/Carthage/Build/iOS",
				);
				INFOPLIST_FILE = AWSChat/Info.plist;
				LD_RUNPATH_SEARCH_PATHS = "$(inherited) @executable_path/Frameworks";
				PRODUCT_BUNDLE_IDENTIFIER = com.asmtechnology.AWSChat;
				PRODUCT_NAME = "$(TARGET_NAME)";
				SWIFT_VERSION = 3.0;
			};
			name = Debug;
		};
		9122B0401E6E98070024AE10 /* Release */ = {
			isa = XCBuildConfiguration;
			buildSettings = {
				ASSETCATALOG_COMPILER_APPICON_NAME = AppIcon;
				FRAMEWORK_SEARCH_PATHS = (
					"$(inherited)",
					"$(PROJECT_DIR)/Carthage/Build/iOS",
				);
				INFOPLIST_FILE = AWSChat/Info.plist;
				LD_RUNPATH_SEARCH_PATHS = "$(inherited) @executable_path/Frameworks";
				PRODUCT_BUNDLE_IDENTIFIER = com.asmtechnology.AWSChat;
				PRODUCT_NAME = "$(TARGET_NAME)";
				SWIFT_VERSION = 3.0;
			};
			name = Release;
		};
/* End XCBuildConfiguration section */

/* Begin XCConfigurationList section */
		9122B0271E6E98070024AE10 /* Build configuration list for PBXProject "AWSChat" */ = {
			isa = XCConfigurationList;
			buildConfigurations = (
				9122B03C1E6E98070024AE10 /* Debug */,
				9122B03D1E6E98070024AE10 /* Release */,
			);
			defaultConfigurationIsVisible = 0;
			defaultConfigurationName = Release;
		};
		9122B03E1E6E98070024AE10 /* Build configuration list for PBXNativeTarget "AWSChat" */ = {
			isa = XCConfigurationList;
			buildConfigurations = (
				9122B03F1E6E98070024AE10 /* Debug */,
				9122B0401E6E98070024AE10 /* Release */,
			);
			defaultConfigurationIsVisible = 0;
			defaultConfigurationName = Release;
		};
/* End XCConfigurationList section */
	};
	rootObject = 9122B0241E6E98070024AE10 /* Project object */;
}
